
Microsoft Visual Studio Solution File, Format Version 12.00
# Visual Studio Version 17
VisualStudioVersion = 17.2.32505.173
MinimumVisualStudioVersion = 10.0.40219.1
Project("{9A19103F-16F7-4668-BE54-9A1E7A4F7556}") = "Domain.LogicStatement", "Domain.LogicStatement\Domain.LogicStatement.csproj", "{E65BB17B-9227-402C-82EB-10946EEE7C09}"
EndProject
Project("{9A19103F-16F7-4668-BE54-9A1E7A4F7556}") = "Domain.LogicStatement.Test", "Domain.LogicStatement.Test\Domain.LogicStatement.Test.csproj", "{77142E52-A7CD-4823-93FB-86D393EC089C}"
EndProject
Project("{9A19103F-16F7-4668-BE54-9A1E7A4F7556}") = "Models.LogicStatement", "Models.LogicStatement\Models.LogicStatement.csproj", "{5FA25384-6B4E-4C18-AD90-9B9DB5724D89}"
EndProject
Project("{9A19103F-16F7-4668-BE54-9A1E7A4F7556}") = "Repository.LogicStatement", "Repository.LogicStatement\Repository.LogicStatement.csproj", "{C2912678-1FE3-4A3A-BCEE-15E849660D6C}"
EndProject
Project("{9A19103F-16F7-4668-BE54-9A1E7A4F7556}") = "Service.LogicStatement", "Service.LogicStatement\Service.LogicStatement.csproj", "{CD63EEE1-EB93-49D6-9E57-652BC9918C7E}"
EndProject
Project("{2150E333-8FDC-42A3-9474-1A3956D46DE8}") = "common", "common", "{19BABCDA-1B24-4734-B0BC-3DCEF51B778F}"
EndProject
Project("{9A19103F-16F7-4668-BE54-9A1E7A4F7556}") = "Messaging", "common\Messaging\Messaging.csproj", "{E579ED5C-5A4F-4AD6-A2EA-572C000A9FEC}"
EndProject
Project("{2150E333-8FDC-42A3-9474-1A3956D46DE8}") = "entities", "entities", "{DD306197-746D-4E08-A0C6-2D284854BB3C}"
EndProject
Project("{9A19103F-16F7-4668-BE54-9A1E7A4F7556}") = "Models.Entities", "entities\Models.Entities\Models.Entities.csproj", "{146FB41A-0A48-489B-8D1D-8ADA3AC74F57}"
EndProject
Project("{9A19103F-16F7-4668-BE54-9A1E7A4F7556}") = "Persistence.Common", "common\Persistence.Common\Persistence.Common.csproj", "{8AB43B01-BC65-4F9E-9556-ADC38EDE0906}"
EndProject
Project("{9A19103F-16F7-4668-BE54-9A1E7A4F7556}") = "Persistence.Mongo", "common\Persistence.Mongo\Persistence.Mongo.csproj", "{3267C9C9-1885-47E0-A2FD-95705E74A3CD}"
EndProject
Project("{9A19103F-16F7-4668-BE54-9A1E7A4F7556}") = "Helpers", "common\Helpers\Helpers.csproj", "{143F2C88-5C78-4EEA-9057-A57D13F812CF}"
EndProject
Project("{9A19103F-16F7-4668-BE54-9A1E7A4F7556}") = "Repository.Entities", "entities\Repository.Entities\Repository.Entities.csproj", "{A307AE37-FCA0-4097-A61E-04A8E28ED255}"
EndProject
Project("{2150E333-8FDC-42A3-9474-1A3956D46DE8}") = "status", "status", "{04236A6A-7A40-4C85-A18B-7EB1CB466118}"
EndProject
Project("{9A19103F-16F7-4668-BE54-9A1E7A4F7556}") = "Status.Common", "status\Status.Common\Status.Common.csproj", "{CBDF8827-AD8D-4505-AEA1-D040A83DD1D6}"
EndProject
Project("{9A19103F-16F7-4668-BE54-9A1E7A4F7556}") = "Status.Ess", "status\Status.Ess\Status.Ess.csproj", "{B432354D-C261-424D-998E-312686806ECC}"
EndProject
Project("{9A19103F-16F7-4668-BE54-9A1E7A4F7556}") = "Status.Signal", "status\Status.Signal\Status.Signal.csproj", "{8E193699-1EBB-4E34-95AC-5EC6782112B1}"
EndProject
Project("{9A19103F-16F7-4668-BE54-9A1E7A4F7556}") = "Serialization", "common\Serialization\Serialization.csproj", "{52890588-F407-4AE3-B17A-51EA3C2D1B44}"
EndProject
Project("{9A19103F-16F7-4668-BE54-9A1E7A4F7556}") = "Status.Ess.Messaging", "status\Status.Ess.Messaging\Status.Ess.Messaging.csproj", "{B8459706-87A4-4D6F-9AF2-93171386FDF4}"
EndProject
Project("{9A19103F-16F7-4668-BE54-9A1E7A4F7556}") = "Status.Common.Messaging", "status\Status.Common.Messaging\Status.Common.Messaging.csproj", "{2A4B2773-6F2B-4D9E-B01A-B587C474E099}"
EndProject
Project("{9A19103F-16F7-4668-BE54-9A1E7A4F7556}") = "Status.WrongWayDriver", "status\Status.WrongWayDriver\Status.WrongWayDriver.csproj", "{C7623C52-47F6-476A-885D-6E5304D7B3EA}"
EndProject
Project("{9A19103F-16F7-4668-BE54-9A1E7A4F7556}") = "Status.WrongWayDriver.Messaging", "status\Status.WrongWayDriver.Messaging\Status.WrongWayDriver.Messaging.csproj", "{66D26566-82BE-4548-BCF3-8DA1D270587C}"
EndProject
Project("{9A19103F-16F7-4668-BE54-9A1E7A4F7556}") = "Extensions", "common\Extensions\Extensions.csproj", "{339EF6C2-531B-4D35-8B21-0B1EA23A1472}"
EndProject
Project("{9A19103F-16F7-4668-BE54-9A1E7A4F7556}") = "Authorization", "common\Authorization\Authorization.csproj", "{763FC5A9-1B2C-4739-B090-5DEC1441F16D}"
EndProject
Project("{9A19103F-16F7-4668-BE54-9A1E7A4F7556}") = "Status.PavementCondition", "status\Status.PavementCondition\Status.PavementCondition.csproj", "{71F42132-9A36-47FA-92A6-8EAF052A8B94}"
EndProject
Project("{9A19103F-16F7-4668-BE54-9A1E7A4F7556}") = "Worker.ProcessActionSet", "Worker.ProcessActionSet\Worker.ProcessActionSet.csproj", "{4964FADF-BAB3-4730-AB27-28B085754F72}"
EndProject
Project("{9A19103F-16F7-4668-BE54-9A1E7A4F7556}") = "Status.PavementCondition.Messaging", "status\Status.PavementCondition.Messaging\Status.PavementCondition.Messaging.csproj", "{A6218535-F39F-4A76-A81C-87D9BFE735C2}"
EndProject
Project("{2150E333-8FDC-42A3-9474-1A3956D46DE8}") = "config", "config", "{821DBECC-0685-46DD-AC6B-B778D72D8B09}"
EndProject
Project("{9A19103F-16F7-4668-BE54-9A1E7A4F7556}") = "Config", "config\Config\Config.csproj", "{09CA161E-0A70-461B-B331-5FB799A7E5EE}"
EndProject
Project("{9A19103F-16F7-4668-BE54-9A1E7A4F7556}") = "Monitoring", "common\Monitoring\Monitoring.csproj", "{68F0A192-541D-4C40-BFDD-E6E4E0738861}"
EndProject
Project("{9A19103F-16F7-4668-BE54-9A1E7A4F7556}") = "Extensions.AspNet", "common\Extensions.AspNet\Extensions.AspNet.csproj", "{F4D7C7CA-B28B-464C-B791-3B355579751D}"
EndProject
Project("{9A19103F-16F7-4668-BE54-9A1E7A4F7556}") = "Monitoring.HealthChecks.Mongo", "common\Monitoring.HealthChecks.Mongo\Monitoring.HealthChecks.Mongo.csproj", "{3ED15131-2FF5-4CE4-99C8-43F289E15B0F}"
EndProject
Project("{9A19103F-16F7-4668-BE54-9A1E7A4F7556}") = "Monitoring.AspNet", "common\Monitoring.AspNet\Monitoring.AspNet.csproj", "{6BB619EF-B7B3-47E0-9CC1-5A2070677792}"
EndProject
Project("{9A19103F-16F7-4668-BE54-9A1E7A4F7556}") = "Monitoring.HealthChecks.Kafka", "common\Monitoring.HealthChecks.Kafka\Monitoring.HealthChecks.Kafka.csproj", "{A82F5464-B80D-40CA-82D3-B59113A9DA0A}"
EndProject
Project("{9A19103F-16F7-4668-BE54-9A1E7A4F7556}") = "Router.ActionSet.Messaging", "Router.ActionSet.Messaging\Router.ActionSet.Messaging.csproj", "{C70BF3A0-5D4B-4453-AE14-B18FCB805406}"
EndProject
Project("{9A19103F-16F7-4668-BE54-9A1E7A4F7556}") = "Status.Rsu", "status\Status.Rsu\Status.Rsu.csproj", "{05424765-8255-49E2-8842-54A0E5CB8489}"
EndProject
Project("{9A19103F-16F7-4668-BE54-9A1E7A4F7556}") = "Status.Rsu.Messaging", "status\Status.Rsu.Messaging\Status.Rsu.Messaging.csproj", "{C8D83FDB-0D7C-4DC6-8262-4EBAFC263443}"
EndProject
Project("{9A19103F-16F7-4668-BE54-9A1E7A4F7556}") = "Status.Speed", "status\Status.Speed\Status.Speed.csproj", "{4A43C217-2F85-41ED-A6DC-9221EBF32EEB}"
EndProject
Project("{9A19103F-16F7-4668-BE54-9A1E7A4F7556}") = "Status.SpeedEvent.Messaging", "status\Status.SpeedEvent.Messaging\Status.SpeedEvent.Messaging.csproj", "{CC575528-877A-479E-ACAE-ADFAE9A3550F}"
EndProject
Global
	GlobalSection(SolutionConfigurationPlatforms) = preSolution
		Debug|Any CPU = Debug|Any CPU
		Release|Any CPU = Release|Any CPU
	EndGlobalSection
	GlobalSection(ProjectConfigurationPlatforms) = postSolution
		{E65BB17B-9227-402C-82EB-10946EEE7C09}.Debug|Any CPU.ActiveCfg = Debug|Any CPU
		{E65BB17B-9227-402C-82EB-10946EEE7C09}.Debug|Any CPU.Build.0 = Debug|Any CPU
		{E65BB17B-9227-402C-82EB-10946EEE7C09}.Release|Any CPU.ActiveCfg = Release|Any CPU
		{E65BB17B-9227-402C-82EB-10946EEE7C09}.Release|Any CPU.Build.0 = Release|Any CPU
		{77142E52-A7CD-4823-93FB-86D393EC089C}.Debug|Any CPU.ActiveCfg = Debug|Any CPU
		{77142E52-A7CD-4823-93FB-86D393EC089C}.Debug|Any CPU.Build.0 = Debug|Any CPU
		{77142E52-A7CD-4823-93FB-86D393EC089C}.Release|Any CPU.ActiveCfg = Release|Any CPU
		{77142E52-A7CD-4823-93FB-86D393EC089C}.Release|Any CPU.Build.0 = Release|Any CPU
		{5FA25384-6B4E-4C18-AD90-9B9DB5724D89}.Debug|Any CPU.ActiveCfg = Debug|Any CPU
		{5FA25384-6B4E-4C18-AD90-9B9DB5724D89}.Debug|Any CPU.Build.0 = Debug|Any CPU
		{5FA25384-6B4E-4C18-AD90-9B9DB5724D89}.Release|Any CPU.ActiveCfg = Release|Any CPU
		{5FA25384-6B4E-4C18-AD90-9B9DB5724D89}.Release|Any CPU.Build.0 = Release|Any CPU
		{C2912678-1FE3-4A3A-BCEE-15E849660D6C}.Debug|Any CPU.ActiveCfg = Debug|Any CPU
		{C2912678-1FE3-4A3A-BCEE-15E849660D6C}.Debug|Any CPU.Build.0 = Debug|Any CPU
		{C2912678-1FE3-4A3A-BCEE-15E849660D6C}.Release|Any CPU.ActiveCfg = Release|Any CPU
		{C2912678-1FE3-4A3A-BCEE-15E849660D6C}.Release|Any CPU.Build.0 = Release|Any CPU
		{CD63EEE1-EB93-49D6-9E57-652BC9918C7E}.Debug|Any CPU.ActiveCfg = Debug|Any CPU
		{CD63EEE1-EB93-49D6-9E57-652BC9918C7E}.Debug|Any CPU.Build.0 = Debug|Any CPU
		{CD63EEE1-EB93-49D6-9E57-652BC9918C7E}.Release|Any CPU.ActiveCfg = Release|Any CPU
		{CD63EEE1-EB93-49D6-9E57-652BC9918C7E}.Release|Any CPU.Build.0 = Release|Any CPU
		{E579ED5C-5A4F-4AD6-A2EA-572C000A9FEC}.Debug|Any CPU.ActiveCfg = Debug|Any CPU
		{E579ED5C-5A4F-4AD6-A2EA-572C000A9FEC}.Debug|Any CPU.Build.0 = Debug|Any CPU
		{E579ED5C-5A4F-4AD6-A2EA-572C000A9FEC}.Release|Any CPU.ActiveCfg = Release|Any CPU
		{E579ED5C-5A4F-4AD6-A2EA-572C000A9FEC}.Release|Any CPU.Build.0 = Release|Any CPU
		{146FB41A-0A48-489B-8D1D-8ADA3AC74F57}.Debug|Any CPU.ActiveCfg = Debug|Any CPU
		{146FB41A-0A48-489B-8D1D-8ADA3AC74F57}.Debug|Any CPU.Build.0 = Debug|Any CPU
		{146FB41A-0A48-489B-8D1D-8ADA3AC74F57}.Release|Any CPU.ActiveCfg = Release|Any CPU
		{146FB41A-0A48-489B-8D1D-8ADA3AC74F57}.Release|Any CPU.Build.0 = Release|Any CPU
		{8AB43B01-BC65-4F9E-9556-ADC38EDE0906}.Debug|Any CPU.ActiveCfg = Debug|Any CPU
		{8AB43B01-BC65-4F9E-9556-ADC38EDE0906}.Debug|Any CPU.Build.0 = Debug|Any CPU
		{8AB43B01-BC65-4F9E-9556-ADC38EDE0906}.Release|Any CPU.ActiveCfg = Release|Any CPU
		{8AB43B01-BC65-4F9E-9556-ADC38EDE0906}.Release|Any CPU.Build.0 = Release|Any CPU
		{3267C9C9-1885-47E0-A2FD-95705E74A3CD}.Debug|Any CPU.ActiveCfg = Debug|Any CPU
		{3267C9C9-1885-47E0-A2FD-95705E74A3CD}.Debug|Any CPU.Build.0 = Debug|Any CPU
		{3267C9C9-1885-47E0-A2FD-95705E74A3CD}.Release|Any CPU.ActiveCfg = Release|Any CPU
		{3267C9C9-1885-47E0-A2FD-95705E74A3CD}.Release|Any CPU.Build.0 = Release|Any CPU
		{143F2C88-5C78-4EEA-9057-A57D13F812CF}.Debug|Any CPU.ActiveCfg = Debug|Any CPU
		{143F2C88-5C78-4EEA-9057-A57D13F812CF}.Debug|Any CPU.Build.0 = Debug|Any CPU
		{143F2C88-5C78-4EEA-9057-A57D13F812CF}.Release|Any CPU.ActiveCfg = Release|Any CPU
		{143F2C88-5C78-4EEA-9057-A57D13F812CF}.Release|Any CPU.Build.0 = Release|Any CPU
		{A307AE37-FCA0-4097-A61E-04A8E28ED255}.Debug|Any CPU.ActiveCfg = Debug|Any CPU
		{A307AE37-FCA0-4097-A61E-04A8E28ED255}.Debug|Any CPU.Build.0 = Debug|Any CPU
		{A307AE37-FCA0-4097-A61E-04A8E28ED255}.Release|Any CPU.ActiveCfg = Release|Any CPU
		{A307AE37-FCA0-4097-A61E-04A8E28ED255}.Release|Any CPU.Build.0 = Release|Any CPU
		{CBDF8827-AD8D-4505-AEA1-D040A83DD1D6}.Debug|Any CPU.ActiveCfg = Debug|Any CPU
		{CBDF8827-AD8D-4505-AEA1-D040A83DD1D6}.Debug|Any CPU.Build.0 = Debug|Any CPU
		{CBDF8827-AD8D-4505-AEA1-D040A83DD1D6}.Release|Any CPU.ActiveCfg = Release|Any CPU
		{CBDF8827-AD8D-4505-AEA1-D040A83DD1D6}.Release|Any CPU.Build.0 = Release|Any CPU
		{B432354D-C261-424D-998E-312686806ECC}.Debug|Any CPU.ActiveCfg = Debug|Any CPU
		{B432354D-C261-424D-998E-312686806ECC}.Debug|Any CPU.Build.0 = Debug|Any CPU
		{B432354D-C261-424D-998E-312686806ECC}.Release|Any CPU.ActiveCfg = Release|Any CPU
		{B432354D-C261-424D-998E-312686806ECC}.Release|Any CPU.Build.0 = Release|Any CPU
		{8E193699-1EBB-4E34-95AC-5EC6782112B1}.Debug|Any CPU.ActiveCfg = Debug|Any CPU
		{8E193699-1EBB-4E34-95AC-5EC6782112B1}.Debug|Any CPU.Build.0 = Debug|Any CPU
		{8E193699-1EBB-4E34-95AC-5EC6782112B1}.Release|Any CPU.ActiveCfg = Release|Any CPU
		{8E193699-1EBB-4E34-95AC-5EC6782112B1}.Release|Any CPU.Build.0 = Release|Any CPU
		{52890588-F407-4AE3-B17A-51EA3C2D1B44}.Debug|Any CPU.ActiveCfg = Debug|Any CPU
		{52890588-F407-4AE3-B17A-51EA3C2D1B44}.Debug|Any CPU.Build.0 = Debug|Any CPU
		{52890588-F407-4AE3-B17A-51EA3C2D1B44}.Release|Any CPU.ActiveCfg = Release|Any CPU
		{52890588-F407-4AE3-B17A-51EA3C2D1B44}.Release|Any CPU.Build.0 = Release|Any CPU
		{B8459706-87A4-4D6F-9AF2-93171386FDF4}.Debug|Any CPU.ActiveCfg = Debug|Any CPU
		{B8459706-87A4-4D6F-9AF2-93171386FDF4}.Debug|Any CPU.Build.0 = Debug|Any CPU
		{B8459706-87A4-4D6F-9AF2-93171386FDF4}.Release|Any CPU.ActiveCfg = Release|Any CPU
		{B8459706-87A4-4D6F-9AF2-93171386FDF4}.Release|Any CPU.Build.0 = Release|Any CPU
		{2A4B2773-6F2B-4D9E-B01A-B587C474E099}.Debug|Any CPU.ActiveCfg = Debug|Any CPU
		{2A4B2773-6F2B-4D9E-B01A-B587C474E099}.Debug|Any CPU.Build.0 = Debug|Any CPU
		{2A4B2773-6F2B-4D9E-B01A-B587C474E099}.Release|Any CPU.ActiveCfg = Release|Any CPU
		{2A4B2773-6F2B-4D9E-B01A-B587C474E099}.Release|Any CPU.Build.0 = Release|Any CPU
		{C7623C52-47F6-476A-885D-6E5304D7B3EA}.Debug|Any CPU.ActiveCfg = Debug|Any CPU
		{C7623C52-47F6-476A-885D-6E5304D7B3EA}.Debug|Any CPU.Build.0 = Debug|Any CPU
		{C7623C52-47F6-476A-885D-6E5304D7B3EA}.Release|Any CPU.ActiveCfg = Release|Any CPU
		{C7623C52-47F6-476A-885D-6E5304D7B3EA}.Release|Any CPU.Build.0 = Release|Any CPU
		{66D26566-82BE-4548-BCF3-8DA1D270587C}.Debug|Any CPU.ActiveCfg = Debug|Any CPU
		{66D26566-82BE-4548-BCF3-8DA1D270587C}.Debug|Any CPU.Build.0 = Debug|Any CPU
		{66D26566-82BE-4548-BCF3-8DA1D270587C}.Release|Any CPU.ActiveCfg = Release|Any CPU
		{66D26566-82BE-4548-BCF3-8DA1D270587C}.Release|Any CPU.Build.0 = Release|Any CPU
		{339EF6C2-531B-4D35-8B21-0B1EA23A1472}.Debug|Any CPU.ActiveCfg = Debug|Any CPU
		{339EF6C2-531B-4D35-8B21-0B1EA23A1472}.Debug|Any CPU.Build.0 = Debug|Any CPU
		{339EF6C2-531B-4D35-8B21-0B1EA23A1472}.Release|Any CPU.ActiveCfg = Release|Any CPU
		{339EF6C2-531B-4D35-8B21-0B1EA23A1472}.Release|Any CPU.Build.0 = Release|Any CPU
		{763FC5A9-1B2C-4739-B090-5DEC1441F16D}.Debug|Any CPU.ActiveCfg = Debug|Any CPU
		{763FC5A9-1B2C-4739-B090-5DEC1441F16D}.Debug|Any CPU.Build.0 = Debug|Any CPU
		{763FC5A9-1B2C-4739-B090-5DEC1441F16D}.Release|Any CPU.ActiveCfg = Release|Any CPU
		{763FC5A9-1B2C-4739-B090-5DEC1441F16D}.Release|Any CPU.Build.0 = Release|Any CPU
		{71F42132-9A36-47FA-92A6-8EAF052A8B94}.Debug|Any CPU.ActiveCfg = Debug|Any CPU
		{71F42132-9A36-47FA-92A6-8EAF052A8B94}.Debug|Any CPU.Build.0 = Debug|Any CPU
		{71F42132-9A36-47FA-92A6-8EAF052A8B94}.Release|Any CPU.ActiveCfg = Release|Any CPU
		{71F42132-9A36-47FA-92A6-8EAF052A8B94}.Release|Any CPU.Build.0 = Release|Any CPU
		{4964FADF-BAB3-4730-AB27-28B085754F72}.Debug|Any CPU.ActiveCfg = Debug|Any CPU
		{4964FADF-BAB3-4730-AB27-28B085754F72}.Debug|Any CPU.Build.0 = Debug|Any CPU
		{4964FADF-BAB3-4730-AB27-28B085754F72}.Release|Any CPU.ActiveCfg = Release|Any CPU
		{4964FADF-BAB3-4730-AB27-28B085754F72}.Release|Any CPU.Build.0 = Release|Any CPU
		{A6218535-F39F-4A76-A81C-87D9BFE735C2}.Debug|Any CPU.ActiveCfg = Debug|Any CPU
		{A6218535-F39F-4A76-A81C-87D9BFE735C2}.Debug|Any CPU.Build.0 = Debug|Any CPU
		{A6218535-F39F-4A76-A81C-87D9BFE735C2}.Release|Any CPU.ActiveCfg = Release|Any CPU
		{A6218535-F39F-4A76-A81C-87D9BFE735C2}.Release|Any CPU.Build.0 = Release|Any CPU
		{09CA161E-0A70-461B-B331-5FB799A7E5EE}.Debug|Any CPU.ActiveCfg = Debug|Any CPU
		{09CA161E-0A70-461B-B331-5FB799A7E5EE}.Debug|Any CPU.Build.0 = Debug|Any CPU
		{09CA161E-0A70-461B-B331-5FB799A7E5EE}.Release|Any CPU.ActiveCfg = Release|Any CPU
		{09CA161E-0A70-461B-B331-5FB799A7E5EE}.Release|Any CPU.Build.0 = Release|Any CPU
		{68F0A192-541D-4C40-BFDD-E6E4E0738861}.Debug|Any CPU.ActiveCfg = Debug|Any CPU
		{68F0A192-541D-4C40-BFDD-E6E4E0738861}.Debug|Any CPU.Build.0 = Debug|Any CPU
		{68F0A192-541D-4C40-BFDD-E6E4E0738861}.Release|Any CPU.ActiveCfg = Release|Any CPU
		{68F0A192-541D-4C40-BFDD-E6E4E0738861}.Release|Any CPU.Build.0 = Release|Any CPU
		{F4D7C7CA-B28B-464C-B791-3B355579751D}.Debug|Any CPU.ActiveCfg = Debug|Any CPU
		{F4D7C7CA-B28B-464C-B791-3B355579751D}.Debug|Any CPU.Build.0 = Debug|Any CPU
		{F4D7C7CA-B28B-464C-B791-3B355579751D}.Release|Any CPU.ActiveCfg = Release|Any CPU
		{F4D7C7CA-B28B-464C-B791-3B355579751D}.Release|Any CPU.Build.0 = Release|Any CPU
		{3ED15131-2FF5-4CE4-99C8-43F289E15B0F}.Debug|Any CPU.ActiveCfg = Debug|Any CPU
		{3ED15131-2FF5-4CE4-99C8-43F289E15B0F}.Debug|Any CPU.Build.0 = Debug|Any CPU
		{3ED15131-2FF5-4CE4-99C8-43F289E15B0F}.Release|Any CPU.ActiveCfg = Release|Any CPU
		{3ED15131-2FF5-4CE4-99C8-43F289E15B0F}.Release|Any CPU.Build.0 = Release|Any CPU
		{6BB619EF-B7B3-47E0-9CC1-5A2070677792}.Debug|Any CPU.ActiveCfg = Debug|Any CPU
		{6BB619EF-B7B3-47E0-9CC1-5A2070677792}.Debug|Any CPU.Build.0 = Debug|Any CPU
		{6BB619EF-B7B3-47E0-9CC1-5A2070677792}.Release|Any CPU.ActiveCfg = Release|Any CPU
		{6BB619EF-B7B3-47E0-9CC1-5A2070677792}.Release|Any CPU.Build.0 = Release|Any CPU
		{A82F5464-B80D-40CA-82D3-B59113A9DA0A}.Debug|Any CPU.ActiveCfg = Debug|Any CPU
		{A82F5464-B80D-40CA-82D3-B59113A9DA0A}.Debug|Any CPU.Build.0 = Debug|Any CPU
		{A82F5464-B80D-40CA-82D3-B59113A9DA0A}.Release|Any CPU.ActiveCfg = Release|Any CPU
		{A82F5464-B80D-40CA-82D3-B59113A9DA0A}.Release|Any CPU.Build.0 = Release|Any CPU
		{C70BF3A0-5D4B-4453-AE14-B18FCB805406}.Debug|Any CPU.ActiveCfg = Debug|Any CPU
		{C70BF3A0-5D4B-4453-AE14-B18FCB805406}.Debug|Any CPU.Build.0 = Debug|Any CPU
		{C70BF3A0-5D4B-4453-AE14-B18FCB805406}.Release|Any CPU.ActiveCfg = Release|Any CPU
		{C70BF3A0-5D4B-4453-AE14-B18FCB805406}.Release|Any CPU.Build.0 = Release|Any CPU
		{05424765-8255-49E2-8842-54A0E5CB8489}.Debug|Any CPU.ActiveCfg = Debug|Any CPU
		{05424765-8255-49E2-8842-54A0E5CB8489}.Debug|Any CPU.Build.0 = Debug|Any CPU
		{05424765-8255-49E2-8842-54A0E5CB8489}.Release|Any CPU.ActiveCfg = Release|Any CPU
		{05424765-8255-49E2-8842-54A0E5CB8489}.Release|Any CPU.Build.0 = Release|Any CPU
		{C8D83FDB-0D7C-4DC6-8262-4EBAFC263443}.Debug|Any CPU.ActiveCfg = Debug|Any CPU
		{C8D83FDB-0D7C-4DC6-8262-4EBAFC263443}.Debug|Any CPU.Build.0 = Debug|Any CPU
		{C8D83FDB-0D7C-4DC6-8262-4EBAFC263443}.Release|Any CPU.ActiveCfg = Release|Any CPU
		{C8D83FDB-0D7C-4DC6-8262-4EBAFC263443}.Release|Any CPU.Build.0 = Release|Any CPU
		{4A43C217-2F85-41ED-A6DC-9221EBF32EEB}.Debug|Any CPU.ActiveCfg = Debug|Any CPU
		{4A43C217-2F85-41ED-A6DC-9221EBF32EEB}.Debug|Any CPU.Build.0 = Debug|Any CPU
		{4A43C217-2F85-41ED-A6DC-9221EBF32EEB}.Release|Any CPU.ActiveCfg = Release|Any CPU
		{4A43C217-2F85-41ED-A6DC-9221EBF32EEB}.Release|Any CPU.Build.0 = Release|Any CPU
		{CC575528-877A-479E-ACAE-ADFAE9A3550F}.Debug|Any CPU.ActiveCfg = Debug|Any CPU
		{CC575528-877A-479E-ACAE-ADFAE9A3550F}.Debug|Any CPU.Build.0 = Debug|Any CPU
		{CC575528-877A-479E-ACAE-ADFAE9A3550F}.Release|Any CPU.ActiveCfg = Release|Any CPU
		{CC575528-877A-479E-ACAE-ADFAE9A3550F}.Release|Any CPU.Build.0 = Release|Any CPU
	EndGlobalSection
	GlobalSection(SolutionProperties) = preSolution
		HideSolutionNode = FALSE
	EndGlobalSection
	GlobalSection(NestedProjects) = preSolution
		{E579ED5C-5A4F-4AD6-A2EA-572C000A9FEC} = {19BABCDA-1B24-4734-B0BC-3DCEF51B778F}
		{146FB41A-0A48-489B-8D1D-8ADA3AC74F57} = {DD306197-746D-4E08-A0C6-2D284854BB3C}
		{8AB43B01-BC65-4F9E-9556-ADC38EDE0906} = {19BABCDA-1B24-4734-B0BC-3DCEF51B778F}
		{3267C9C9-1885-47E0-A2FD-95705E74A3CD} = {19BABCDA-1B24-4734-B0BC-3DCEF51B778F}
		{143F2C88-5C78-4EEA-9057-A57D13F812CF} = {19BABCDA-1B24-4734-B0BC-3DCEF51B778F}
		{A307AE37-FCA0-4097-A61E-04A8E28ED255} = {DD306197-746D-4E08-A0C6-2D284854BB3C}
		{CBDF8827-AD8D-4505-AEA1-D040A83DD1D6} = {04236A6A-7A40-4C85-A18B-7EB1CB466118}
		{B432354D-C261-424D-998E-312686806ECC} = {04236A6A-7A40-4C85-A18B-7EB1CB466118}
		{8E193699-1EBB-4E34-95AC-5EC6782112B1} = {04236A6A-7A40-4C85-A18B-7EB1CB466118}
		{52890588-F407-4AE3-B17A-51EA3C2D1B44} = {19BABCDA-1B24-4734-B0BC-3DCEF51B778F}
		{B8459706-87A4-4D6F-9AF2-93171386FDF4} = {04236A6A-7A40-4C85-A18B-7EB1CB466118}
		{2A4B2773-6F2B-4D9E-B01A-B587C474E099} = {04236A6A-7A40-4C85-A18B-7EB1CB466118}
		{C7623C52-47F6-476A-885D-6E5304D7B3EA} = {04236A6A-7A40-4C85-A18B-7EB1CB466118}
		{66D26566-82BE-4548-BCF3-8DA1D270587C} = {04236A6A-7A40-4C85-A18B-7EB1CB466118}
		{339EF6C2-531B-4D35-8B21-0B1EA23A1472} = {19BABCDA-1B24-4734-B0BC-3DCEF51B778F}
		{763FC5A9-1B2C-4739-B090-5DEC1441F16D} = {19BABCDA-1B24-4734-B0BC-3DCEF51B778F}
		{71F42132-9A36-47FA-92A6-8EAF052A8B94} = {04236A6A-7A40-4C85-A18B-7EB1CB466118}
		{A6218535-F39F-4A76-A81C-87D9BFE735C2} = {04236A6A-7A40-4C85-A18B-7EB1CB466118}
		{09CA161E-0A70-461B-B331-5FB799A7E5EE} = {821DBECC-0685-46DD-AC6B-B778D72D8B09}
		{68F0A192-541D-4C40-BFDD-E6E4E0738861} = {19BABCDA-1B24-4734-B0BC-3DCEF51B778F}
		{F4D7C7CA-B28B-464C-B791-3B355579751D} = {19BABCDA-1B24-4734-B0BC-3DCEF51B778F}
		{3ED15131-2FF5-4CE4-99C8-43F289E15B0F} = {19BABCDA-1B24-4734-B0BC-3DCEF51B778F}
		{6BB619EF-B7B3-47E0-9CC1-5A2070677792} = {19BABCDA-1B24-4734-B0BC-3DCEF51B778F}
		{A82F5464-B80D-40CA-82D3-B59113A9DA0A} = {19BABCDA-1B24-4734-B0BC-3DCEF51B778F}
		{05424765-8255-49E2-8842-54A0E5CB8489} = {04236A6A-7A40-4C85-A18B-7EB1CB466118}
		{C8D83FDB-0D7C-4DC6-8262-4EBAFC263443} = {04236A6A-7A40-4C85-A18B-7EB1CB466118}
		{4A43C217-2F85-41ED-A6DC-9221EBF32EEB} = {04236A6A-7A40-4C85-A18B-7EB1CB466118}
		{CC575528-877A-479E-ACAE-ADFAE9A3550F} = {04236A6A-7A40-4C85-A18B-7EB1CB466118}
	EndGlobalSection
	GlobalSection(ExtensibilityGlobals) = postSolution
		SolutionGuid = {ABDF8D5F-1442-48E1-8612-8A8B1F334026}
	EndGlobalSection
EndGlobal
